
Microsoft Visual Studio Solution File, Format Version 12.00
# Visual Studio Version 17
VisualStudioVersion = 17.3.32811.315
MinimumVisualStudioVersion = 10.0.40219.1
Project("{9A19103F-16F7-4668-BE54-9A1E7A4F7556}") = "WebAppDETAug2022", "WebAppDETAug2022\WebAppDETAug2022.csproj", "{2666CB05-D372-44C5-819F-EFDBCFC5742C}"
EndProject
Project("{9A19103F-16F7-4668-BE54-9A1E7A4F7556}") = "MVCDemo", "MVCDemo\MVCDemo.csproj", "{FF2A0F0E-68AE-4AFD-A672-273502EAC262}"
EndProject
Project("{9A19103F-16F7-4668-BE54-9A1E7A4F7556}") = "APIDemo", "APIDemo\APIDemo.csproj", "{7FC5BBE0-C2B6-4655-AE78-C4E9DFC44B4D}"
EndProject
Project("{9A19103F-16F7-4668-BE54-9A1E7A4F7556}") = "ConsoleApiClient", "ConsoleApiClient\ConsoleApiClient.csproj", "{83A37BCB-C83C-43BA-A49A-4B109A2F6C35}"
EndProject
Project("{FAE04EC0-301F-11D3-BF4B-00C04F79EFBC}") = "ToDoAPI11", "ToDoAPI11\ToDoAPI11.csproj", "{E9DA8FBE-3149-45A1-BEAE-0AE2320ECBD7}"
EndProject
Project("{FAE04EC0-301F-11D3-BF4B-00C04F79EFBC}") = "ODataDemo.Api", "ODataDemo.Api\ODataDemo.Api.csproj", "{4CA6709F-7470-4766-A7D8-0435D9E0904B}"
EndProject
Project("{FAE04EC0-301F-11D3-BF4B-00C04F79EFBC}") = "Bank1", "Bank1\Bank1.csproj", "{040B45E5-BB40-437D-A2F3-B5A2E31818A8}"
EndProject
Project("{FAE04EC0-301F-11D3-BF4B-00C04F79EFBC}") = "BankTests1", "BankTests1\BankTests1.csproj", "{DC4B6D6C-6F72-4B06-A7F3-3B5F3544CB3A}"
EndProject
Project("{FAE04EC0-301F-11D3-BF4B-00C04F79EFBC}") = "MyFirstUnitTests", "MyFirstUnitTests\MyFirstUnitTests.csproj", "{8A4E12C9-39D2-4B7D-A7D1-92414F9485FC}"
EndProject
Global
	GlobalSection(SolutionConfigurationPlatforms) = preSolution
		Debug|Any CPU = Debug|Any CPU
		Release|Any CPU = Release|Any CPU
	EndGlobalSection
	GlobalSection(ProjectConfigurationPlatforms) = postSolution
		{2666CB05-D372-44C5-819F-EFDBCFC5742C}.Debug|Any CPU.ActiveCfg = Debug|Any CPU
		{2666CB05-D372-44C5-819F-EFDBCFC5742C}.Debug|Any CPU.Build.0 = Debug|Any CPU
		{2666CB05-D372-44C5-819F-EFDBCFC5742C}.Release|Any CPU.ActiveCfg = Release|Any CPU
		{2666CB05-D372-44C5-819F-EFDBCFC5742C}.Release|Any CPU.Build.0 = Release|Any CPU
		{FF2A0F0E-68AE-4AFD-A672-273502EAC262}.Debug|Any CPU.ActiveCfg = Debug|Any CPU
		{FF2A0F0E-68AE-4AFD-A672-273502EAC262}.Debug|Any CPU.Build.0 = Debug|Any CPU
		{FF2A0F0E-68AE-4AFD-A672-273502EAC262}.Release|Any CPU.ActiveCfg = Release|Any CPU
		{FF2A0F0E-68AE-4AFD-A672-273502EAC262}.Release|Any CPU.Build.0 = Release|Any CPU
		{7FC5BBE0-C2B6-4655-AE78-C4E9DFC44B4D}.Debug|Any CPU.ActiveCfg = Debug|Any CPU
		{7FC5BBE0-C2B6-4655-AE78-C4E9DFC44B4D}.Debug|Any CPU.Build.0 = Debug|Any CPU
		{7FC5BBE0-C2B6-4655-AE78-C4E9DFC44B4D}.Release|Any CPU.ActiveCfg = Release|Any CPU
		{7FC5BBE0-C2B6-4655-AE78-C4E9DFC44B4D}.Release|Any CPU.Build.0 = Release|Any CPU
		{83A37BCB-C83C-43BA-A49A-4B109A2F6C35}.Debug|Any CPU.ActiveCfg = Debug|Any CPU
		{83A37BCB-C83C-43BA-A49A-4B109A2F6C35}.Debug|Any CPU.Build.0 = Debug|Any CPU
		{83A37BCB-C83C-43BA-A49A-4B109A2F6C35}.Release|Any CPU.ActiveCfg = Release|Any CPU
		{83A37BCB-C83C-43BA-A49A-4B109A2F6C35}.Release|Any CPU.Build.0 = Release|Any CPU
		{E9DA8FBE-3149-45A1-BEAE-0AE2320ECBD7}.Debug|Any CPU.ActiveCfg = Debug|Any CPU
		{E9DA8FBE-3149-45A1-BEAE-0AE2320ECBD7}.Debug|Any CPU.Build.0 = Debug|Any CPU
		{E9DA8FBE-3149-45A1-BEAE-0AE2320ECBD7}.Release|Any CPU.ActiveCfg = Release|Any CPU
		{E9DA8FBE-3149-45A1-BEAE-0AE2320ECBD7}.Release|Any CPU.Build.0 = Release|Any CPU
		{4CA6709F-7470-4766-A7D8-0435D9E0904B}.Debug|Any CPU.ActiveCfg = Debug|Any CPU
		{4CA6709F-7470-4766-A7D8-0435D9E0904B}.Debug|Any CPU.Build.0 = Debug|Any CPU
		{4CA6709F-7470-4766-A7D8-0435D9E0904B}.Release|Any CPU.ActiveCfg = Release|Any CPU
		{4CA6709F-7470-4766-A7D8-0435D9E0904B}.Release|Any CPU.Build.0 = Release|Any CPU
		{040B45E5-BB40-437D-A2F3-B5A2E31818A8}.Debug|Any CPU.ActiveCfg = Debug|Any CPU
		{040B45E5-BB40-437D-A2F3-B5A2E31818A8}.Debug|Any CPU.Build.0 = Debug|Any CPU
		{040B45E5-BB40-437D-A2F3-B5A2E31818A8}.Release|Any CPU.ActiveCfg = Release|Any CPU
		{040B45E5-BB40-437D-A2F3-B5A2E31818A8}.Release|Any CPU.Build.0 = Release|Any CPU
		{DC4B6D6C-6F72-4B06-A7F3-3B5F3544CB3A}.Debug|Any CPU.ActiveCfg = Debug|Any CPU
		{DC4B6D6C-6F72-4B06-A7F3-3B5F3544CB3A}.Debug|Any CPU.Build.0 = Debug|Any CPU
		{DC4B6D6C-6F72-4B06-A7F3-3B5F3544CB3A}.Release|Any CPU.ActiveCfg = Release|Any CPU
		{DC4B6D6C-6F72-4B06-A7F3-3B5F3544CB3A}.Release|Any CPU.Build.0 = Release|Any CPU
		{8A4E12C9-39D2-4B7D-A7D1-92414F9485FC}.Debug|Any CPU.ActiveCfg = Debug|Any CPU
		{8A4E12C9-39D2-4B7D-A7D1-92414F9485FC}.Debug|Any CPU.Build.0 = Debug|Any CPU
		{8A4E12C9-39D2-4B7D-A7D1-92414F9485FC}.Release|Any CPU.ActiveCfg = Release|Any CPU
		{8A4E12C9-39D2-4B7D-A7D1-92414F9485FC}.Release|Any CPU.Build.0 = Release|Any CPU
	EndGlobalSection
	GlobalSection(SolutionProperties) = preSolution
		HideSolutionNode = FALSE
	EndGlobalSection
	GlobalSection(ExtensibilityGlobals) = postSolution
		SolutionGuid = {93AF44CC-5FD3-4600-A8D5-34D018EBA2A3}
	EndGlobalSection
EndGlobal
